
Microsoft Visual Studio Solution File, Format Version 12.00
# Visual Studio Version 16
VisualStudioVersion = 16.0.31112.23
MinimumVisualStudioVersion = 10.0.40219.1
Project("{FAE04EC0-301F-11D3-BF4B-00C04F79EFBC}") = "GADE6122_Task1_21757948", "GADE6122_Task1_21757948\GADE6122_Task1_21757948.csproj", "{857D7309-1FF3-4DC3-A375-FD850F3FFF0E}"
EndProject
Global
	GlobalSection(SolutionConfigurationPlatforms) = preSolution
		Debug|Any CPU = Debug|Any CPU
		Release|Any CPU = Release|Any CPU
	EndGlobalSection
	GlobalSection(ProjectConfigurationPlatforms) = postSolution
		{857D7309-1FF3-4DC3-A375-FD850F3FFF0E}.Debug|Any CPU.ActiveCfg = Debug|Any CPU
		{857D7309-1FF3-4DC3-A375-FD850F3FFF0E}.Debug|Any CPU.Build.0 = Debug|Any CPU
		{857D7309-1FF3-4DC3-A375-FD850F3FFF0E}.Release|Any CPU.ActiveCfg = Release|Any CPU
		{857D7309-1FF3-4DC3-A375-FD850F3FFF0E}.Release|Any CPU.Build.0 = Release|Any CPU
	EndGlobalSection
	GlobalSection(SolutionProperties) = preSolution
		HideSolutionNode = FALSE
	EndGlobalSection
	GlobalSection(ExtensibilityGlobals) = postSolution
		SolutionGuid = {D0062058-A6DC-41DE-AB1D-F1091843D073}
	EndGlobalSection
EndGlobal
